
Microsoft Visual Studio Solution File, Format Version 12.00
# Visual Studio Version 17
VisualStudioVersion = 17.1.32113.165
MinimumVisualStudioVersion = 10.0.40219.1
Project("{8BC9CEB8-8B4A-11D0-8D11-00A0C91BC942}") = "Button", "Button\Button.vcxproj", "{174BB009-B875-4436-82D8-60AF0AA8EC6C}"
EndProject
Global
	GlobalSection(SolutionConfigurationPlatforms) = preSolution
		Debug|x64 = Debug|x64
		Debug|x86 = Debug|x86
		Release|x64 = Release|x64
		Release|x86 = Release|x86
	EndGlobalSection
	GlobalSection(ProjectConfigurationPlatforms) = postSolution
		{174BB009-B875-4436-82D8-60AF0AA8EC6C}.Debug|x64.ActiveCfg = Debug|x64
		{174BB009-B875-4436-82D8-60AF0AA8EC6C}.Debug|x64.Build.0 = Debug|x64
		{174BB009-B875-4436-82D8-60AF0AA8EC6C}.Debug|x86.ActiveCfg = Debug|Win32
		{174BB009-B875-4436-82D8-60AF0AA8EC6C}.Debug|x86.Build.0 = Debug|Win32
		{174BB009-B875-4436-82D8-60AF0AA8EC6C}.Release|x64.ActiveCfg = Release|x64
		{174BB009-B875-4436-82D8-60AF0AA8EC6C}.Release|x64.Build.0 = Release|x64
		{174BB009-B875-4436-82D8-60AF0AA8EC6C}.Release|x86.ActiveCfg = Release|Win32
		{174BB009-B875-4436-82D8-60AF0AA8EC6C}.Release|x86.Build.0 = Release|Win32
	EndGlobalSection
	GlobalSection(SolutionProperties) = preSolution
		HideSolutionNode = FALSE
	EndGlobalSection
	GlobalSection(ExtensibilityGlobals) = postSolution
		SolutionGuid = {C4BB5AD7-E195-434D-BD82-5B79C07A94E3}
	EndGlobalSection
EndGlobal
